
Microsoft Visual Studio Solution File, Format Version 12.00
# Visual Studio Version 17
VisualStudioVersion = 17.9.34526.213
MinimumVisualStudioVersion = 10.0.40219.1
Project("{2150E333-8FDC-42A3-9474-1A3956D46DE8}") = "Core", "Core", "{3C27589F-962A-4C12-BF13-7B120E056D89}"
EndProject
Project("{2150E333-8FDC-42A3-9474-1A3956D46DE8}") = "Infrastructure", "Infrastructure", "{D7366C5A-0568-4CE2-B7D7-2FDD764FA7D2}"
EndProject
Project("{2150E333-8FDC-42A3-9474-1A3956D46DE8}") = "Presentation", "Presentation", "{2E23AA93-83B2-46E7-82ED-BCD8AAABD5BB}"
EndProject
Project("{2150E333-8FDC-42A3-9474-1A3956D46DE8}") = "Tests", "Tests", "{BBC2147A-98BE-480A-B5AF-94508E7003A9}"
EndProject
Project("{2150E333-8FDC-42A3-9474-1A3956D46DE8}") = "Contract", "Contract", "{2A96AAFA-D2D3-4EEC-AA6E-CA87D140F4EB}"
EndProject
Project("{2150E333-8FDC-42A3-9474-1A3956D46DE8}") = "ApplicationService", "ApplicationService", "{DD309529-343E-4082-BAE7-3D76A8016164}"
EndProject
Project("{2150E333-8FDC-42A3-9474-1A3956D46DE8}") = "Domain", "Domain", "{D32DF8E6-8B70-4504-BCC8-9B9012F5B801}"
EndProject
Project("{9A19103F-16F7-4668-BE54-9A1E7A4F7556}") = "Contract", "Core\Contract\Contract.csproj", "{D4FFA1E4-14DA-42F4-BA27-893DA59E9044}"
EndProject
Project("{9A19103F-16F7-4668-BE54-9A1E7A4F7556}") = "ApplicationService", "Core\ApplicationService\ApplicationService.csproj", "{0EED1CE0-17E1-4FC1-99AC-FCD4BFF5E3FC}"
EndProject
Project("{9A19103F-16F7-4668-BE54-9A1E7A4F7556}") = "Domain", "Core\Domain\Domain.csproj", "{F5326A2F-AD09-442D-A2DA-2A80685DA590}"
EndProject
Project("{9A19103F-16F7-4668-BE54-9A1E7A4F7556}") = "Infrastructure", "Infrastructure\Infrastructure.csproj", "{15AF565B-07A1-4365-B6D3-1B0F28256CE4}"
EndProject
Project("{2150E333-8FDC-42A3-9474-1A3956D46DE8}") = "Core", "Core", "{894F3668-8299-4A40-AFF0-A756E88FE6BC}"
EndProject
Project("{2150E333-8FDC-42A3-9474-1A3956D46DE8}") = "Infrastructure", "Infrastructure", "{E40D3784-0651-4454-932E-93A777F0A46D}"
EndProject
Project("{2150E333-8FDC-42A3-9474-1A3956D46DE8}") = "Presentation", "Presentation", "{86709A26-5615-4E25-B547-821FD71AC967}"
EndProject
Project("{2150E333-8FDC-42A3-9474-1A3956D46DE8}") = "Domain", "Domain", "{9EF06F62-F2AA-4E67-B1D3-336B723E3D54}"
EndProject
Project("{2150E333-8FDC-42A3-9474-1A3956D46DE8}") = "ApplicationSerivce", "ApplicationSerivce", "{EE3D037B-9027-4D3F-9F94-F6E05F405D53}"
EndProject
Project("{9A19103F-16F7-4668-BE54-9A1E7A4F7556}") = "DomainUnitTest", "Tests\Core\DomainUnitTest\DomainUnitTest.csproj", "{C43FCE79-A4E6-4970-AE94-37AB48962A94}"
EndProject
Project("{9A19103F-16F7-4668-BE54-9A1E7A4F7556}") = "ApplicationServiceUnitTest", "Tests\Core\ApplicationServiceUnitTest\ApplicationServiceUnitTest.csproj", "{D3BCAA41-1987-4F27-8F4C-31573CEE5FA5}"
EndProject
Project("{FAE04EC0-301F-11D3-BF4B-00C04F79EFBC}") = "InfrastructureDataTest", "Tests\Infrastructure\InfrastructureDataTest\InfrastructureDataTest.csproj", "{7DC3C99B-73C7-4823-860D-01AB4443E6D6}"
EndProject
Global
	GlobalSection(SolutionConfigurationPlatforms) = preSolution
		Debug|Any CPU = Debug|Any CPU
		Release|Any CPU = Release|Any CPU
	EndGlobalSection
	GlobalSection(ProjectConfigurationPlatforms) = postSolution
		{D4FFA1E4-14DA-42F4-BA27-893DA59E9044}.Debug|Any CPU.ActiveCfg = Debug|Any CPU
		{D4FFA1E4-14DA-42F4-BA27-893DA59E9044}.Debug|Any CPU.Build.0 = Debug|Any CPU
		{D4FFA1E4-14DA-42F4-BA27-893DA59E9044}.Release|Any CPU.ActiveCfg = Release|Any CPU
		{D4FFA1E4-14DA-42F4-BA27-893DA59E9044}.Release|Any CPU.Build.0 = Release|Any CPU
		{0EED1CE0-17E1-4FC1-99AC-FCD4BFF5E3FC}.Debug|Any CPU.ActiveCfg = Debug|Any CPU
		{0EED1CE0-17E1-4FC1-99AC-FCD4BFF5E3FC}.Debug|Any CPU.Build.0 = Debug|Any CPU
		{0EED1CE0-17E1-4FC1-99AC-FCD4BFF5E3FC}.Release|Any CPU.ActiveCfg = Release|Any CPU
		{0EED1CE0-17E1-4FC1-99AC-FCD4BFF5E3FC}.Release|Any CPU.Build.0 = Release|Any CPU
		{F5326A2F-AD09-442D-A2DA-2A80685DA590}.Debug|Any CPU.ActiveCfg = Debug|Any CPU
		{F5326A2F-AD09-442D-A2DA-2A80685DA590}.Debug|Any CPU.Build.0 = Debug|Any CPU
		{F5326A2F-AD09-442D-A2DA-2A80685DA590}.Release|Any CPU.ActiveCfg = Release|Any CPU
		{F5326A2F-AD09-442D-A2DA-2A80685DA590}.Release|Any CPU.Build.0 = Release|Any CPU
		{15AF565B-07A1-4365-B6D3-1B0F28256CE4}.Debug|Any CPU.ActiveCfg = Debug|Any CPU
		{15AF565B-07A1-4365-B6D3-1B0F28256CE4}.Debug|Any CPU.Build.0 = Debug|Any CPU
		{15AF565B-07A1-4365-B6D3-1B0F28256CE4}.Release|Any CPU.ActiveCfg = Release|Any CPU
		{15AF565B-07A1-4365-B6D3-1B0F28256CE4}.Release|Any CPU.Build.0 = Release|Any CPU
		{C43FCE79-A4E6-4970-AE94-37AB48962A94}.Debug|Any CPU.ActiveCfg = Debug|Any CPU
		{C43FCE79-A4E6-4970-AE94-37AB48962A94}.Debug|Any CPU.Build.0 = Debug|Any CPU
		{C43FCE79-A4E6-4970-AE94-37AB48962A94}.Release|Any CPU.ActiveCfg = Release|Any CPU
		{C43FCE79-A4E6-4970-AE94-37AB48962A94}.Release|Any CPU.Build.0 = Release|Any CPU
		{D3BCAA41-1987-4F27-8F4C-31573CEE5FA5}.Debug|Any CPU.ActiveCfg = Debug|Any CPU
		{D3BCAA41-1987-4F27-8F4C-31573CEE5FA5}.Debug|Any CPU.Build.0 = Debug|Any CPU
		{D3BCAA41-1987-4F27-8F4C-31573CEE5FA5}.Release|Any CPU.ActiveCfg = Release|Any CPU
		{D3BCAA41-1987-4F27-8F4C-31573CEE5FA5}.Release|Any CPU.Build.0 = Release|Any CPU
		{7DC3C99B-73C7-4823-860D-01AB4443E6D6}.Debug|Any CPU.ActiveCfg = Debug|Any CPU
		{7DC3C99B-73C7-4823-860D-01AB4443E6D6}.Debug|Any CPU.Build.0 = Debug|Any CPU
		{7DC3C99B-73C7-4823-860D-01AB4443E6D6}.Release|Any CPU.ActiveCfg = Release|Any CPU
		{7DC3C99B-73C7-4823-860D-01AB4443E6D6}.Release|Any CPU.Build.0 = Release|Any CPU
	EndGlobalSection
	GlobalSection(SolutionProperties) = preSolution
		HideSolutionNode = FALSE
	EndGlobalSection
	GlobalSection(NestedProjects) = preSolution
		{2A96AAFA-D2D3-4EEC-AA6E-CA87D140F4EB} = {3C27589F-962A-4C12-BF13-7B120E056D89}
		{DD309529-343E-4082-BAE7-3D76A8016164} = {3C27589F-962A-4C12-BF13-7B120E056D89}
		{D32DF8E6-8B70-4504-BCC8-9B9012F5B801} = {3C27589F-962A-4C12-BF13-7B120E056D89}
		{D4FFA1E4-14DA-42F4-BA27-893DA59E9044} = {2A96AAFA-D2D3-4EEC-AA6E-CA87D140F4EB}
		{0EED1CE0-17E1-4FC1-99AC-FCD4BFF5E3FC} = {DD309529-343E-4082-BAE7-3D76A8016164}
		{F5326A2F-AD09-442D-A2DA-2A80685DA590} = {D32DF8E6-8B70-4504-BCC8-9B9012F5B801}
		{15AF565B-07A1-4365-B6D3-1B0F28256CE4} = {D7366C5A-0568-4CE2-B7D7-2FDD764FA7D2}
		{894F3668-8299-4A40-AFF0-A756E88FE6BC} = {BBC2147A-98BE-480A-B5AF-94508E7003A9}
		{E40D3784-0651-4454-932E-93A777F0A46D} = {BBC2147A-98BE-480A-B5AF-94508E7003A9}
		{86709A26-5615-4E25-B547-821FD71AC967} = {BBC2147A-98BE-480A-B5AF-94508E7003A9}
		{9EF06F62-F2AA-4E67-B1D3-336B723E3D54} = {894F3668-8299-4A40-AFF0-A756E88FE6BC}
		{EE3D037B-9027-4D3F-9F94-F6E05F405D53} = {894F3668-8299-4A40-AFF0-A756E88FE6BC}
		{C43FCE79-A4E6-4970-AE94-37AB48962A94} = {9EF06F62-F2AA-4E67-B1D3-336B723E3D54}
		{D3BCAA41-1987-4F27-8F4C-31573CEE5FA5} = {EE3D037B-9027-4D3F-9F94-F6E05F405D53}
		{7DC3C99B-73C7-4823-860D-01AB4443E6D6} = {E40D3784-0651-4454-932E-93A777F0A46D}
	EndGlobalSection
	GlobalSection(ExtensibilityGlobals) = postSolution
		SolutionGuid = {C78ED4BB-A9A2-40D3-A94C-DCC174D8CC57}
	EndGlobalSection
EndGlobal
